// !$*UTF8*$!
{
	archiveVersion = 1;
	classes = {
	};
	objectVersion = 46;
	objects = {

/* Begin PBXBuildFile section */
		37DE243A1C810F9070C48D9E /* libPods-SooLeDevelopmentOC.a in Frameworks */ = {isa = PBXBuildFile; fileRef = 83DA4355E328BDBB146E3B65 /* libPods-SooLeDevelopmentOC.a */; };
		5E080D911DC3A20E00B5EF96 /* PYSearch.bundle in Resources */ = {isa = PBXBuildFile; fileRef = 5E080D851DC3A20E00B5EF96 /* PYSearch.bundle */; };
		5E080D921DC3A20E00B5EF96 /* PYSearchConst.m in Sources */ = {isa = PBXBuildFile; fileRef = 5E080D881DC3A20E00B5EF96 /* PYSearchConst.m */; };
		5E080D931DC3A20E00B5EF96 /* PYSearchSuggestionViewController.m in Sources */ = {isa = PBXBuildFile; fileRef = 5E080D8A1DC3A20E00B5EF96 /* PYSearchSuggestionViewController.m */; };
		5E080D941DC3A20E00B5EF96 /* PYSearchViewController.m in Sources */ = {isa = PBXBuildFile; fileRef = 5E080D8C1DC3A20E00B5EF96 /* PYSearchViewController.m */; };
		5E080D951DC3A20E00B5EF96 /* UIColor+PYExtension.m in Sources */ = {isa = PBXBuildFile; fileRef = 5E080D8E1DC3A20E00B5EF96 /* UIColor+PYExtension.m */; };
		5E080D961DC3A20E00B5EF96 /* UIView+PYExtension.m in Sources */ = {isa = PBXBuildFile; fileRef = 5E080D901DC3A20E00B5EF96 /* UIView+PYExtension.m */; };
		5E0A8D331DF7BBFA0007FC68 /* ShareMeunView.m in Sources */ = {isa = PBXBuildFile; fileRef = 5E0A8D321DF7BBFA0007FC68 /* ShareMeunView.m */; };
		5E0A8D351DF7BC090007FC68 /* ShareMeunView.xib in Resources */ = {isa = PBXBuildFile; fileRef = 5E0A8D341DF7BC090007FC68 /* ShareMeunView.xib */; };
		5E41EFC21E2CC0BD004C93B4 /* XLZBuleToothManger.m in Sources */ = {isa = PBXBuildFile; fileRef = 5E41EFC11E2CC0BD004C93B4 /* XLZBuleToothManger.m */; };
		5E41EFC91E2E1B8E004C93B4 /* BaiDuMapTools.m in Sources */ = {isa = PBXBuildFile; fileRef = 5E41EFC81E2E1B8E004C93B4 /* BaiDuMapTools.m */; };
		5E4E2F12200461B6007B60B5 /* SensorViewController.m in Sources */ = {isa = PBXBuildFile; fileRef = 5E4E2F11200461B6007B60B5 /* SensorViewController.m */; };
		5E4E2F152004699D007B60B5 /* IMG_1041.JPG in Resources */ = {isa = PBXBuildFile; fileRef = 5E4E2F142004699D007B60B5 /* IMG_1041.JPG */; };
		5E7766C41DE052980018E2F4 /* AVFoundation.framework in Frameworks */ = {isa = PBXBuildFile; fileRef = 5E7766C31DE052980018E2F4 /* AVFoundation.framework */; };
		5E7766C71DE0533C0018E2F4 /* WordChangeSpeech.m in Sources */ = {isa = PBXBuildFile; fileRef = 5E7766C61DE0533C0018E2F4 /* WordChangeSpeech.m */; };
		5EC74D2F201F153B0029D027 /* MenuItemViewController.m in Sources */ = {isa = PBXBuildFile; fileRef = 5EC74D2E201F153B0029D027 /* MenuItemViewController.m */; };
		5EC74D32201F18F50029D027 /* MenuItem.m in Sources */ = {isa = PBXBuildFile; fileRef = 5EC74D31201F18F50029D027 /* MenuItem.m */; };
		5EC74D35201F19D70029D027 /* MenuItemCell.m in Sources */ = {isa = PBXBuildFile; fileRef = 5EC74D34201F19D70029D027 /* MenuItemCell.m */; };
		5EC74D38201F1EF70029D027 /* UIView+Extension.m in Sources */ = {isa = PBXBuildFile; fileRef = 5EC74D36201F1EF60029D027 /* UIView+Extension.m */; };
		5EC74D3A201F28A90029D027 /* a.plist in Resources */ = {isa = PBXBuildFile; fileRef = 5EC74D39201F28A90029D027 /* a.plist */; };
		5EC74E03202BF78D0029D027 /* LoveViewController.m in Sources */ = {isa = PBXBuildFile; fileRef = 5EC74E02202BF78D0029D027 /* LoveViewController.m */; };
		5EC74E06202BFE2A0029D027 /* StarsView.m in Sources */ = {isa = PBXBuildFile; fileRef = 5EC74E05202BFE2A0029D027 /* StarsView.m */; };
		5EC74E08202C1EC00029D027 /* btn_link_fill@2x.png in Resources */ = {isa = PBXBuildFile; fileRef = 5EC74E07202C1EC00029D027 /* btn_link_fill@2x.png */; };
		5EC74E0A202C1ECA0029D027 /* btn_link_line@2x.png in Resources */ = {isa = PBXBuildFile; fileRef = 5EC74E09202C1ECA0029D027 /* btn_link_line@2x.png */; };
		5EEC2C6F1DC4420100C8BE55 /* LBViewController.m in Sources */ = {isa = PBXBuildFile; fileRef = 5EEC2C6E1DC4420100C8BE55 /* LBViewController.m */; };
		CD0348B41DBA170500581757 /* TouchIDHelper.m in Sources */ = {isa = PBXBuildFile; fileRef = CD0348B31DBA170500581757 /* TouchIDHelper.m */; };
		CD5380E71DADEBC500F3031E /* main.m in Sources */ = {isa = PBXBuildFile; fileRef = CD5380E61DADEBC500F3031E /* main.m */; };
		CD5380EA1DADEBC500F3031E /* AppDelegate.m in Sources */ = {isa = PBXBuildFile; fileRef = CD5380E91DADEBC500F3031E /* AppDelegate.m */; };
		CD5380ED1DADEBC500F3031E /* ViewController.m in Sources */ = {isa = PBXBuildFile; fileRef = CD5380EC1DADEBC500F3031E /* ViewController.m */; };
		CD5380F01DADEBC500F3031E /* Main.storyboard in Resources */ = {isa = PBXBuildFile; fileRef = CD5380EE1DADEBC500F3031E /* Main.storyboard */; };
		CD5380F21DADEBC500F3031E /* Assets.xcassets in Resources */ = {isa = PBXBuildFile; fileRef = CD5380F11DADEBC500F3031E /* Assets.xcassets */; };
		CD5380F51DADEBC500F3031E /* LaunchScreen.storyboard in Resources */ = {isa = PBXBuildFile; fileRef = CD5380F31DADEBC500F3031E /* LaunchScreen.storyboard */; };
		CD5381241DADF85400F3031E /* JDHttpManager.m in Sources */ = {isa = PBXBuildFile; fileRef = CD5381231DADF85400F3031E /* JDHttpManager.m */; };
/* End PBXBuildFile section */

/* Begin PBXFileReference section */
		05C100A4EE8B088764C79F8E /* Pods-SooLeDevelopmentOC.debug.xcconfig */ = {isa = PBXFileReference; includeInIndex = 1; lastKnownFileType = text.xcconfig; name = "Pods-SooLeDevelopmentOC.debug.xcconfig"; path = "Pods/Target Support Files/Pods-SooLeDevelopmentOC/Pods-SooLeDevelopmentOC.debug.xcconfig"; sourceTree = "<group>"; };
		5E080D851DC3A20E00B5EF96 /* PYSearch.bundle */ = {isa = PBXFileReference; lastKnownFileType = "wrapper.plug-in"; path = PYSearch.bundle; sourceTree = "<group>"; };
		5E080D861DC3A20E00B5EF96 /* PYSearch.h */ = {isa = PBXFileReference; fileEncoding = 4; lastKnownFileType = sourcecode.c.h; path = PYSearch.h; sourceTree = "<group>"; };
		5E080D871DC3A20E00B5EF96 /* PYSearchConst.h */ = {isa = PBXFileReference; fileEncoding = 4; lastKnownFileType = sourcecode.c.h; path = PYSearchConst.h; sourceTree = "<group>"; };
		5E080D881DC3A20E00B5EF96 /* PYSearchConst.m */ = {isa = PBXFileReference; fileEncoding = 4; lastKnownFileType = sourcecode.c.objc; path = PYSearchConst.m; sourceTree = "<group>"; };
		5E080D891DC3A20E00B5EF96 /* PYSearchSuggestionViewController.h */ = {isa = PBXFileReference; fileEncoding = 4; lastKnownFileType = sourcecode.c.h; path = PYSearchSuggestionViewController.h; sourceTree = "<group>"; };
		5E080D8A1DC3A20E00B5EF96 /* PYSearchSuggestionViewController.m */ = {isa = PBXFileReference; fileEncoding = 4; lastKnownFileType = sourcecode.c.objc; path = PYSearchSuggestionViewController.m; sourceTree = "<group>"; };
		5E080D8B1DC3A20E00B5EF96 /* PYSearchViewController.h */ = {isa = PBXFileReference; fileEncoding = 4; lastKnownFileType = sourcecode.c.h; path = PYSearchViewController.h; sourceTree = "<group>"; };
		5E080D8C1DC3A20E00B5EF96 /* PYSearchViewController.m */ = {isa = PBXFileReference; fileEncoding = 4; lastKnownFileType = sourcecode.c.objc; path = PYSearchViewController.m; sourceTree = "<group>"; };
		5E080D8D1DC3A20E00B5EF96 /* UIColor+PYExtension.h */ = {isa = PBXFileReference; fileEncoding = 4; lastKnownFileType = sourcecode.c.h; path = "UIColor+PYExtension.h"; sourceTree = "<group>"; };
		5E080D8E1DC3A20E00B5EF96 /* UIColor+PYExtension.m */ = {isa = PBXFileReference; fileEncoding = 4; lastKnownFileType = sourcecode.c.objc; path = "UIColor+PYExtension.m"; sourceTree = "<group>"; };
		5E080D8F1DC3A20E00B5EF96 /* UIView+PYExtension.h */ = {isa = PBXFileReference; fileEncoding = 4; lastKnownFileType = sourcecode.c.h; path = "UIView+PYExtension.h"; sourceTree = "<group>"; };
		5E080D901DC3A20E00B5EF96 /* UIView+PYExtension.m */ = {isa = PBXFileReference; fileEncoding = 4; lastKnownFileType = sourcecode.c.objc; path = "UIView+PYExtension.m"; sourceTree = "<group>"; };
		5E080D9E1DC43EAD00B5EF96 /* ThirdPartyHeader.h */ = {isa = PBXFileReference; lastKnownFileType = sourcecode.c.h; path = ThirdPartyHeader.h; sourceTree = "<group>"; };
		5E0A8D311DF7BBFA0007FC68 /* ShareMeunView.h */ = {isa = PBXFileReference; fileEncoding = 4; lastKnownFileType = sourcecode.c.h; path = ShareMeunView.h; sourceTree = "<group>"; };
		5E0A8D321DF7BBFA0007FC68 /* ShareMeunView.m */ = {isa = PBXFileReference; fileEncoding = 4; lastKnownFileType = sourcecode.c.objc; path = ShareMeunView.m; sourceTree = "<group>"; };
		5E0A8D341DF7BC090007FC68 /* ShareMeunView.xib */ = {isa = PBXFileReference; fileEncoding = 4; lastKnownFileType = file.xib; path = ShareMeunView.xib; sourceTree = "<group>"; };
		5E41EFC01E2CC0BD004C93B4 /* XLZBuleToothManger.h */ = {isa = PBXFileReference; fileEncoding = 4; lastKnownFileType = sourcecode.c.h; path = XLZBuleToothManger.h; sourceTree = "<group>"; };
		5E41EFC11E2CC0BD004C93B4 /* XLZBuleToothManger.m */ = {isa = PBXFileReference; fileEncoding = 4; lastKnownFileType = sourcecode.c.objc; path = XLZBuleToothManger.m; sourceTree = "<group>"; };
		5E41EFC71E2E1B8E004C93B4 /* BaiDuMapTools.h */ = {isa = PBXFileReference; fileEncoding = 4; lastKnownFileType = sourcecode.c.h; path = BaiDuMapTools.h; sourceTree = "<group>"; };
		5E41EFC81E2E1B8E004C93B4 /* BaiDuMapTools.m */ = {isa = PBXFileReference; fileEncoding = 4; lastKnownFileType = sourcecode.c.objc; path = BaiDuMapTools.m; sourceTree = "<group>"; };
		5E4E2F10200461B6007B60B5 /* SensorViewController.h */ = {isa = PBXFileReference; lastKnownFileType = sourcecode.c.h; path = SensorViewController.h; sourceTree = "<group>"; };
		5E4E2F11200461B6007B60B5 /* SensorViewController.m */ = {isa = PBXFileReference; lastKnownFileType = sourcecode.c.objc; path = SensorViewController.m; sourceTree = "<group>"; };
		5E4E2F142004699D007B60B5 /* IMG_1041.JPG */ = {isa = PBXFileReference; lastKnownFileType = image.jpeg; path = IMG_1041.JPG; sourceTree = "<group>"; };
		5E7766C31DE052980018E2F4 /* AVFoundation.framework */ = {isa = PBXFileReference; lastKnownFileType = wrapper.framework; name = AVFoundation.framework; path = System/Library/Frameworks/AVFoundation.framework; sourceTree = SDKROOT; };
		5E7766C51DE0533C0018E2F4 /* WordChangeSpeech.h */ = {isa = PBXFileReference; fileEncoding = 4; lastKnownFileType = sourcecode.c.h; path = WordChangeSpeech.h; sourceTree = "<group>"; };
		5E7766C61DE0533C0018E2F4 /* WordChangeSpeech.m */ = {isa = PBXFileReference; fileEncoding = 4; lastKnownFileType = sourcecode.c.objc; path = WordChangeSpeech.m; sourceTree = "<group>"; };
		5EAA68D81DB51EFD00633D42 /* SooLePrefixHeader.pch */ = {isa = PBXFileReference; lastKnownFileType = sourcecode.c.h; path = SooLePrefixHeader.pch; sourceTree = "<group>"; };
		5EAA68D91DB5230500633D42 /* AttributeHeader.h */ = {isa = PBXFileReference; lastKnownFileType = sourcecode.c.h; path = AttributeHeader.h; sourceTree = "<group>"; };
		5EAA68DA1DB5236000633D42 /* SystemHeader.h */ = {isa = PBXFileReference; lastKnownFileType = sourcecode.c.h; path = SystemHeader.h; sourceTree = "<group>"; };
		5EC74D2D201F153B0029D027 /* MenuItemViewController.h */ = {isa = PBXFileReference; lastKnownFileType = sourcecode.c.h; path = MenuItemViewController.h; sourceTree = "<group>"; };
		5EC74D2E201F153B0029D027 /* MenuItemViewController.m */ = {isa = PBXFileReference; lastKnownFileType = sourcecode.c.objc; path = MenuItemViewController.m; sourceTree = "<group>"; };
		5EC74D30201F18F50029D027 /* MenuItem.h */ = {isa = PBXFileReference; lastKnownFileType = sourcecode.c.h; path = MenuItem.h; sourceTree = "<group>"; };
		5EC74D31201F18F50029D027 /* MenuItem.m */ = {isa = PBXFileReference; lastKnownFileType = sourcecode.c.objc; path = MenuItem.m; sourceTree = "<group>"; };
		5EC74D33201F19D70029D027 /* MenuItemCell.h */ = {isa = PBXFileReference; lastKnownFileType = sourcecode.c.h; path = MenuItemCell.h; sourceTree = "<group>"; };
		5EC74D34201F19D70029D027 /* MenuItemCell.m */ = {isa = PBXFileReference; lastKnownFileType = sourcecode.c.objc; path = MenuItemCell.m; sourceTree = "<group>"; };
		5EC74D36201F1EF60029D027 /* UIView+Extension.m */ = {isa = PBXFileReference; fileEncoding = 4; lastKnownFileType = sourcecode.c.objc; path = "UIView+Extension.m"; sourceTree = "<group>"; };
		5EC74D37201F1EF60029D027 /* UIView+Extension.h */ = {isa = PBXFileReference; fileEncoding = 4; lastKnownFileType = sourcecode.c.h; path = "UIView+Extension.h"; sourceTree = "<group>"; };
		5EC74D39201F28A90029D027 /* a.plist */ = {isa = PBXFileReference; fileEncoding = 4; lastKnownFileType = text.plist.xml; path = a.plist; sourceTree = "<group>"; };
		5EC74E01202BF78D0029D027 /* LoveViewController.h */ = {isa = PBXFileReference; lastKnownFileType = sourcecode.c.h; path = LoveViewController.h; sourceTree = "<group>"; };
		5EC74E02202BF78D0029D027 /* LoveViewController.m */ = {isa = PBXFileReference; lastKnownFileType = sourcecode.c.objc; path = LoveViewController.m; sourceTree = "<group>"; };
		5EC74E04202BFE2A0029D027 /* StarsView.h */ = {isa = PBXFileReference; lastKnownFileType = sourcecode.c.h; path = StarsView.h; sourceTree = "<group>"; };
		5EC74E05202BFE2A0029D027 /* StarsView.m */ = {isa = PBXFileReference; lastKnownFileType = sourcecode.c.objc; path = StarsView.m; sourceTree = "<group>"; };
		5EC74E07202C1EC00029D027 /* btn_link_fill@2x.png */ = {isa = PBXFileReference; lastKnownFileType = image.png; path = "btn_link_fill@2x.png"; sourceTree = "<group>"; };
		5EC74E09202C1ECA0029D027 /* btn_link_line@2x.png */ = {isa = PBXFileReference; lastKnownFileType = image.png; path = "btn_link_line@2x.png"; sourceTree = "<group>"; };
		5EEC2C6D1DC4420100C8BE55 /* LBViewController.h */ = {isa = PBXFileReference; fileEncoding = 4; lastKnownFileType = sourcecode.c.h; path = LBViewController.h; sourceTree = "<group>"; };
		5EEC2C6E1DC4420100C8BE55 /* LBViewController.m */ = {isa = PBXFileReference; fileEncoding = 4; lastKnownFileType = sourcecode.c.objc; path = LBViewController.m; sourceTree = "<group>"; };
		83DA4355E328BDBB146E3B65 /* libPods-SooLeDevelopmentOC.a */ = {isa = PBXFileReference; explicitFileType = archive.ar; includeInIndex = 0; path = "libPods-SooLeDevelopmentOC.a"; sourceTree = BUILT_PRODUCTS_DIR; };
		C6782907271CD5F3C243C353 /* Pods-SooLeDevelopmentOC.release.xcconfig */ = {isa = PBXFileReference; includeInIndex = 1; lastKnownFileType = text.xcconfig; name = "Pods-SooLeDevelopmentOC.release.xcconfig"; path = "Pods/Target Support Files/Pods-SooLeDevelopmentOC/Pods-SooLeDevelopmentOC.release.xcconfig"; sourceTree = "<group>"; };
		CD0348B21DBA170500581757 /* TouchIDHelper.h */ = {isa = PBXFileReference; fileEncoding = 4; lastKnownFileType = sourcecode.c.h; path = TouchIDHelper.h; sourceTree = "<group>"; };
		CD0348B31DBA170500581757 /* TouchIDHelper.m */ = {isa = PBXFileReference; fileEncoding = 4; lastKnownFileType = sourcecode.c.objc; path = TouchIDHelper.m; sourceTree = "<group>"; };
		CD5380E21DADEBC500F3031E /* SooLeDevelopmentOC.app */ = {isa = PBXFileReference; explicitFileType = wrapper.application; includeInIndex = 0; path = SooLeDevelopmentOC.app; sourceTree = BUILT_PRODUCTS_DIR; };
		CD5380E61DADEBC500F3031E /* main.m */ = {isa = PBXFileReference; lastKnownFileType = sourcecode.c.objc; path = main.m; sourceTree = "<group>"; };
		CD5380E81DADEBC500F3031E /* AppDelegate.h */ = {isa = PBXFileReference; lastKnownFileType = sourcecode.c.h; path = AppDelegate.h; sourceTree = "<group>"; };
		CD5380E91DADEBC500F3031E /* AppDelegate.m */ = {isa = PBXFileReference; lastKnownFileType = sourcecode.c.objc; path = AppDelegate.m; sourceTree = "<group>"; };
		CD5380EB1DADEBC500F3031E /* ViewController.h */ = {isa = PBXFileReference; lastKnownFileType = sourcecode.c.h; path = ViewController.h; sourceTree = "<group>"; };
		CD5380EC1DADEBC500F3031E /* ViewController.m */ = {isa = PBXFileReference; lastKnownFileType = sourcecode.c.objc; path = ViewController.m; sourceTree = "<group>"; };
		CD5380EF1DADEBC500F3031E /* Base */ = {isa = PBXFileReference; lastKnownFileType = file.storyboard; name = Base; path = Base.lproj/Main.storyboard; sourceTree = "<group>"; };
		CD5380F11DADEBC500F3031E /* Assets.xcassets */ = {isa = PBXFileReference; lastKnownFileType = folder.assetcatalog; path = Assets.xcassets; sourceTree = "<group>"; };
		CD5380F41DADEBC500F3031E /* Base */ = {isa = PBXFileReference; lastKnownFileType = file.storyboard; name = Base; path = Base.lproj/LaunchScreen.storyboard; sourceTree = "<group>"; };
		CD5380F61DADEBC500F3031E /* Info.plist */ = {isa = PBXFileReference; lastKnownFileType = text.plist.xml; path = Info.plist; sourceTree = "<group>"; };
		CD5381221DADF85400F3031E /* JDHttpManager.h */ = {isa = PBXFileReference; fileEncoding = 4; lastKnownFileType = sourcecode.c.h; path = JDHttpManager.h; sourceTree = "<group>"; };
		CD5381231DADF85400F3031E /* JDHttpManager.m */ = {isa = PBXFileReference; fileEncoding = 4; lastKnownFileType = sourcecode.c.objc; path = JDHttpManager.m; sourceTree = "<group>"; };
/* End PBXFileReference section */

/* Begin PBXFrameworksBuildPhase section */
		CD5380DF1DADEBC500F3031E /* Frameworks */ = {
			isa = PBXFrameworksBuildPhase;
			buildActionMask = 2147483647;
			files = (
				5E7766C41DE052980018E2F4 /* AVFoundation.framework in Frameworks */,
				37DE243A1C810F9070C48D9E /* libPods-SooLeDevelopmentOC.a in Frameworks */,
			);
			runOnlyForDeploymentPostprocessing = 0;
		};
/* End PBXFrameworksBuildPhase section */

/* Begin PBXGroup section */
		5E080D6A1DC33A9C00B5EF96 /* OthersLibrary */ = {
			isa = PBXGroup;
			children = (
				5E080D841DC3A20E00B5EF96 /* PYSearch */,
			);
			path = OthersLibrary;
			sourceTree = "<group>";
		};
		5E080D841DC3A20E00B5EF96 /* PYSearch */ = {
			isa = PBXGroup;
			children = (
				5E080D851DC3A20E00B5EF96 /* PYSearch.bundle */,
				5E080D861DC3A20E00B5EF96 /* PYSearch.h */,
				5E080D871DC3A20E00B5EF96 /* PYSearchConst.h */,
				5E080D881DC3A20E00B5EF96 /* PYSearchConst.m */,
				5E080D891DC3A20E00B5EF96 /* PYSearchSuggestionViewController.h */,
				5E080D8A1DC3A20E00B5EF96 /* PYSearchSuggestionViewController.m */,
				5E080D8B1DC3A20E00B5EF96 /* PYSearchViewController.h */,
				5E080D8C1DC3A20E00B5EF96 /* PYSearchViewController.m */,
				5E080D8D1DC3A20E00B5EF96 /* UIColor+PYExtension.h */,
				5E080D8E1DC3A20E00B5EF96 /* UIColor+PYExtension.m */,
				5E080D8F1DC3A20E00B5EF96 /* UIView+PYExtension.h */,
				5E080D901DC3A20E00B5EF96 /* UIView+PYExtension.m */,
			);
			path = PYSearch;
			sourceTree = "<group>";
		};
		5E080D991DC43E2A00B5EF96 /* ClassMVC */ = {
			isa = PBXGroup;
			children = (
				5EC74E00202BF75C0029D027 /* 爱心点赞 */,
				5EC74D2C201F14B70029D027 /* UITableView多级下拉菜单 */,
				5E4E2F0F20046197007B60B5 /* 传感器 */,
				5E41EFC31E2E1B68004C93B4 /* 百度Map */,
				5E41EFBC1E2CBEC9004C93B4 /* 蓝牙设置 */,
				5E0A8D2D1DF7BBA20007FC68 /* 分享 */,
				5E7766C21DE051C80018E2F4 /* 语音 */,
				5E080D9A1DC43E2A00B5EF96 /* 轮播和瀑布流 */,
			);
			path = ClassMVC;
			sourceTree = "<group>";
		};
		5E080D9A1DC43E2A00B5EF96 /* 轮播和瀑布流 */ = {
			isa = PBXGroup;
			children = (
				5E080D9B1DC43E2A00B5EF96 /* Controller */,
				5E080D9C1DC43E2A00B5EF96 /* Model */,
				5E080D9D1DC43E2A00B5EF96 /* VIew */,
			);
			path = "轮播和瀑布流";
			sourceTree = "<group>";
		};
		5E080D9B1DC43E2A00B5EF96 /* Controller */ = {
			isa = PBXGroup;
			children = (
				5EEC2C6D1DC4420100C8BE55 /* LBViewController.h */,
				5EEC2C6E1DC4420100C8BE55 /* LBViewController.m */,
			);
			path = Controller;
			sourceTree = "<group>";
		};
		5E080D9C1DC43E2A00B5EF96 /* Model */ = {
			isa = PBXGroup;
			children = (
			);
			path = Model;
			sourceTree = "<group>";
		};
		5E080D9D1DC43E2A00B5EF96 /* VIew */ = {
			isa = PBXGroup;
			children = (
			);
			path = VIew;
			sourceTree = "<group>";
		};
		5E0A8D2D1DF7BBA20007FC68 /* 分享 */ = {
			isa = PBXGroup;
			children = (
				5E0A8D2E1DF7BBA20007FC68 /* Controller */,
				5E0A8D2F1DF7BBA20007FC68 /* Model */,
				5E0A8D301DF7BBA20007FC68 /* View */,
			);
			path = "分享";
			sourceTree = "<group>";
		};
		5E0A8D2E1DF7BBA20007FC68 /* Controller */ = {
			isa = PBXGroup;
			children = (
			);
			path = Controller;
			sourceTree = "<group>";
		};
		5E0A8D2F1DF7BBA20007FC68 /* Model */ = {
			isa = PBXGroup;
			children = (
			);
			path = Model;
			sourceTree = "<group>";
		};
		5E0A8D301DF7BBA20007FC68 /* View */ = {
			isa = PBXGroup;
			children = (
				5E0A8D311DF7BBFA0007FC68 /* ShareMeunView.h */,
				5E0A8D321DF7BBFA0007FC68 /* ShareMeunView.m */,
				5E0A8D341DF7BC090007FC68 /* ShareMeunView.xib */,
			);
			path = View;
			sourceTree = "<group>";
		};
		5E41EFBC1E2CBEC9004C93B4 /* 蓝牙设置 */ = {
			isa = PBXGroup;
			children = (
				5E41EFBD1E2CBEC9004C93B4 /* Controller */,
				5E41EFBE1E2CBEC9004C93B4 /* Model */,
				5E41EFBF1E2CBEC9004C93B4 /* VIew */,
			);
			path = "蓝牙设置";
			sourceTree = "<group>";
		};
		5E41EFBD1E2CBEC9004C93B4 /* Controller */ = {
			isa = PBXGroup;
			children = (
			);
			path = Controller;
			sourceTree = "<group>";
		};
		5E41EFBE1E2CBEC9004C93B4 /* Model */ = {
			isa = PBXGroup;
			children = (
				5E41EFC01E2CC0BD004C93B4 /* XLZBuleToothManger.h */,
				5E41EFC11E2CC0BD004C93B4 /* XLZBuleToothManger.m */,
			);
			path = Model;
			sourceTree = "<group>";
		};
		5E41EFBF1E2CBEC9004C93B4 /* VIew */ = {
			isa = PBXGroup;
			children = (
			);
			path = VIew;
			sourceTree = "<group>";
		};
		5E41EFC31E2E1B68004C93B4 /* 百度Map */ = {
			isa = PBXGroup;
			children = (
				5E41EFC41E2E1B68004C93B4 /* Controller */,
				5E41EFC51E2E1B68004C93B4 /* Model */,
				5E41EFC61E2E1B68004C93B4 /* VIew */,
			);
			path = "百度Map";
			sourceTree = "<group>";
		};
		5E41EFC41E2E1B68004C93B4 /* Controller */ = {
			isa = PBXGroup;
			children = (
			);
			path = Controller;
			sourceTree = "<group>";
		};
		5E41EFC51E2E1B68004C93B4 /* Model */ = {
			isa = PBXGroup;
			children = (
				5E41EFC71E2E1B8E004C93B4 /* BaiDuMapTools.h */,
				5E41EFC81E2E1B8E004C93B4 /* BaiDuMapTools.m */,
			);
			path = Model;
			sourceTree = "<group>";
		};
		5E41EFC61E2E1B68004C93B4 /* VIew */ = {
			isa = PBXGroup;
			children = (
			);
			path = VIew;
			sourceTree = "<group>";
		};
		5E4E2F0F20046197007B60B5 /* 传感器 */ = {
			isa = PBXGroup;
			children = (
				5E4E2F10200461B6007B60B5 /* SensorViewController.h */,
				5E4E2F11200461B6007B60B5 /* SensorViewController.m */,
			);
			path = "传感器";
			sourceTree = "<group>";
		};
		5E4E2F1320046400007B60B5 /* Sources */ = {
			isa = PBXGroup;
			children = (
				5E4E2F142004699D007B60B5 /* IMG_1041.JPG */,
			);
			path = Sources;
			sourceTree = "<group>";
		};
		5E7766C21DE051C80018E2F4 /* 语音 */ = {
			isa = PBXGroup;
			children = (
				5E7766C51DE0533C0018E2F4 /* WordChangeSpeech.h */,
				5E7766C61DE0533C0018E2F4 /* WordChangeSpeech.m */,
			);
			path = "语音";
			sourceTree = "<group>";
		};
		5EAA68D61DB51E8E00633D42 /* CommitTools */ = {
			isa = PBXGroup;
			children = (
			);
			path = CommitTools;
			sourceTree = "<group>";
		};
		5EAA68D71DB51EC800633D42 /* CommitClass */ = {
			isa = PBXGroup;
			children = (
				5EAA68D81DB51EFD00633D42 /* SooLePrefixHeader.pch */,
				5EAA68D91DB5230500633D42 /* AttributeHeader.h */,
				5EAA68DA1DB5236000633D42 /* SystemHeader.h */,
				5E080D9E1DC43EAD00B5EF96 /* ThirdPartyHeader.h */,
			);
			path = CommitClass;
			sourceTree = "<group>";
		};
		5EC74D2C201F14B70029D027 /* UITableView多级下拉菜单 */ = {
			isa = PBXGroup;
			children = (
				5EC74D39201F28A90029D027 /* a.plist */,
				5EC74D30201F18F50029D027 /* MenuItem.h */,
				5EC74D31201F18F50029D027 /* MenuItem.m */,
				5EC74D33201F19D70029D027 /* MenuItemCell.h */,
				5EC74D34201F19D70029D027 /* MenuItemCell.m */,
				5EC74D37201F1EF60029D027 /* UIView+Extension.h */,
				5EC74D36201F1EF60029D027 /* UIView+Extension.m */,
				5EC74D2D201F153B0029D027 /* MenuItemViewController.h */,
				5EC74D2E201F153B0029D027 /* MenuItemViewController.m */,
			);
			path = "UITableView多级下拉菜单";
			sourceTree = "<group>";
		};
		5EC74E00202BF75C0029D027 /* 爱心点赞 */ = {
			isa = PBXGroup;
			children = (
				5EC74E07202C1EC00029D027 /* btn_link_fill@2x.png */,
				5EC74E09202C1ECA0029D027 /* btn_link_line@2x.png */,
				5EC74E01202BF78D0029D027 /* LoveViewController.h */,
				5EC74E02202BF78D0029D027 /* LoveViewController.m */,
				5EC74E04202BFE2A0029D027 /* StarsView.h */,
				5EC74E05202BFE2A0029D027 /* StarsView.m */,
			);
			path = "爱心点赞";
			sourceTree = "<group>";
		};
		75426DB70F003C169363DD6F /* Pods */ = {
			isa = PBXGroup;
			children = (
				05C100A4EE8B088764C79F8E /* Pods-SooLeDevelopmentOC.debug.xcconfig */,
				C6782907271CD5F3C243C353 /* Pods-SooLeDevelopmentOC.release.xcconfig */,
			);
			name = Pods;
			sourceTree = "<group>";
		};
		82A40EF980CFDF06D344F7D3 /* Frameworks */ = {
			isa = PBXGroup;
			children = (
				5E7766C31DE052980018E2F4 /* AVFoundation.framework */,
				83DA4355E328BDBB146E3B65 /* libPods-SooLeDevelopmentOC.a */,
			);
			name = Frameworks;
			sourceTree = "<group>";
		};
		CD0348B11DBA16A400581757 /* VerificaTouchID */ = {
			isa = PBXGroup;
			children = (
				CD0348B21DBA170500581757 /* TouchIDHelper.h */,
				CD0348B31DBA170500581757 /* TouchIDHelper.m */,
			);
			path = VerificaTouchID;
			sourceTree = "<group>";
		};
		CD5380D91DADEBC500F3031E = {
			isa = PBXGroup;
			children = (
				CD5380E41DADEBC500F3031E /* SooLeDevelopmentOC */,
				CD5380E31DADEBC500F3031E /* Products */,
				75426DB70F003C169363DD6F /* Pods */,
				82A40EF980CFDF06D344F7D3 /* Frameworks */,
			);
			sourceTree = "<group>";
		};
		CD5380E31DADEBC500F3031E /* Products */ = {
			isa = PBXGroup;
			children = (
				CD5380E21DADEBC500F3031E /* SooLeDevelopmentOC.app */,
			);
			name = Products;
			sourceTree = "<group>";
		};
		CD5380E41DADEBC500F3031E /* SooLeDevelopmentOC */ = {
			isa = PBXGroup;
			children = (
				CD5380E81DADEBC500F3031E /* AppDelegate.h */,
				CD5380E91DADEBC500F3031E /* AppDelegate.m */,
				CD5380EB1DADEBC500F3031E /* ViewController.h */,
				CD5380EC1DADEBC500F3031E /* ViewController.m */,
				5E080D991DC43E2A00B5EF96 /* ClassMVC */,
				5EAA68D71DB51EC800633D42 /* CommitClass */,
				CD53811F1DADF81B00F3031E /* SooLeTools */,
				5E080D6A1DC33A9C00B5EF96 /* OthersLibrary */,
				5E4E2F1320046400007B60B5 /* Sources */,
				CD5380EE1DADEBC500F3031E /* Main.storyboard */,
				CD5380F11DADEBC500F3031E /* Assets.xcassets */,
				CD5380F31DADEBC500F3031E /* LaunchScreen.storyboard */,
				CD5380F61DADEBC500F3031E /* Info.plist */,
				CD5380E51DADEBC500F3031E /* Supporting Files */,
			);
			path = SooLeDevelopmentOC;
			sourceTree = "<group>";
		};
		CD5380E51DADEBC500F3031E /* Supporting Files */ = {
			isa = PBXGroup;
			children = (
				CD5380E61DADEBC500F3031E /* main.m */,
			);
			name = "Supporting Files";
			sourceTree = "<group>";
		};
		CD53811F1DADF81B00F3031E /* SooLeTools */ = {
			isa = PBXGroup;
			children = (
				CD0348B11DBA16A400581757 /* VerificaTouchID */,
				5EAA68D61DB51E8E00633D42 /* CommitTools */,
				CD5381211DADF84000F3031E /* NetworkTools */,
			);
			path = SooLeTools;
			sourceTree = "<group>";
		};
		CD5381211DADF84000F3031E /* NetworkTools */ = {
			isa = PBXGroup;
			children = (
				CD5381221DADF85400F3031E /* JDHttpManager.h */,
				CD5381231DADF85400F3031E /* JDHttpManager.m */,
			);
			path = NetworkTools;
			sourceTree = "<group>";
		};
/* End PBXGroup section */

/* Begin PBXNativeTarget section */
		CD5380E11DADEBC500F3031E /* SooLeDevelopmentOC */ = {
			isa = PBXNativeTarget;
			buildConfigurationList = CD5380F91DADEBC500F3031E /* Build configuration list for PBXNativeTarget "SooLeDevelopmentOC" */;
			buildPhases = (
				2B864D8D72EF7AEA48B6857A /* [CP] Check Pods Manifest.lock */,
				CD5380DE1DADEBC500F3031E /* Sources */,
				CD5380DF1DADEBC500F3031E /* Frameworks */,
				CD5380E01DADEBC500F3031E /* Resources */,
				F3E1D495855E50FA71C3749E /* [CP] Embed Pods Frameworks */,
				88E96C86EDD930199BF5E28F /* [CP] Copy Pods Resources */,
			);
			buildRules = (
			);
			dependencies = (
			);
			name = SooLeDevelopmentOC;
			productName = SooLeDevelopmentOC;
			productReference = CD5380E21DADEBC500F3031E /* SooLeDevelopmentOC.app */;
			productType = "com.apple.product-type.application";
		};
/* End PBXNativeTarget section */

/* Begin PBXProject section */
		CD5380DA1DADEBC500F3031E /* Project object */ = {
			isa = PBXProject;
			attributes = {
				LastUpgradeCheck = 0800;
				ORGANIZATIONNAME = songlei;
				TargetAttributes = {
					CD5380E11DADEBC500F3031E = {
						CreatedOnToolsVersion = 8.0;
						DevelopmentTeam = UDU2Q37R58;
						ProvisioningStyle = Automatic;
					};
				};
			};
			buildConfigurationList = CD5380DD1DADEBC500F3031E /* Build configuration list for PBXProject "SooLeDevelopmentOC" */;
			compatibilityVersion = "Xcode 3.2";
			developmentRegion = English;
			hasScannedForEncodings = 0;
			knownRegions = (
				en,
				Base,
			);
			mainGroup = CD5380D91DADEBC500F3031E;
			productRefGroup = CD5380E31DADEBC500F3031E /* Products */;
			projectDirPath = "";
			projectRoot = "";
			targets = (
				CD5380E11DADEBC500F3031E /* SooLeDevelopmentOC */,
			);
		};
/* End PBXProject section */

/* Begin PBXResourcesBuildPhase section */
		CD5380E01DADEBC500F3031E /* Resources */ = {
			isa = PBXResourcesBuildPhase;
			buildActionMask = 2147483647;
			files = (
				5EC74E08202C1EC00029D027 /* btn_link_fill@2x.png in Resources */,
				CD5380F51DADEBC500F3031E /* LaunchScreen.storyboard in Resources */,
				CD5380F21DADEBC500F3031E /* Assets.xcassets in Resources */,
				5E0A8D351DF7BC090007FC68 /* ShareMeunView.xib in Resources */,
				5E4E2F152004699D007B60B5 /* IMG_1041.JPG in Resources */,
				5EC74D3A201F28A90029D027 /* a.plist in Resources */,
				5E080D911DC3A20E00B5EF96 /* PYSearch.bundle in Resources */,
				CD5380F01DADEBC500F3031E /* Main.storyboard in Resources */,
				5EC74E0A202C1ECA0029D027 /* btn_link_line@2x.png in Resources */,
			);
			runOnlyForDeploymentPostprocessing = 0;
		};
/* End PBXResourcesBuildPhase section */

/* Begin PBXShellScriptBuildPhase section */
		2B864D8D72EF7AEA48B6857A /* [CP] Check Pods Manifest.lock */ = {
			isa = PBXShellScriptBuildPhase;
			buildActionMask = 2147483647;
			files = (
			);
			inputPaths = (
				"${PODS_PODFILE_DIR_PATH}/Podfile.lock",
				"${PODS_ROOT}/Manifest.lock",
			);
			name = "[CP] Check Pods Manifest.lock";
			outputPaths = (
				"$(DERIVED_FILE_DIR)/Pods-SooLeDevelopmentOC-checkManifestLockResult.txt",
			);
			runOnlyForDeploymentPostprocessing = 0;
			shellPath = /bin/sh;
			shellScript = "diff \"${PODS_PODFILE_DIR_PATH}/Podfile.lock\" \"${PODS_ROOT}/Manifest.lock\" > /dev/null\nif [ $? != 0 ] ; then\n    # print error to STDERR\n    echo \"error: The sandbox is not in sync with the Podfile.lock. Run 'pod install' or update your CocoaPods installation.\" >&2\n    exit 1\nfi\n# This output is used by Xcode 'outputs' to avoid re-running this script phase.\necho \"SUCCESS\" > \"${SCRIPT_OUTPUT_FILE_0}\"\n";
			showEnvVarsInLog = 0;
		};
		88E96C86EDD930199BF5E28F /* [CP] Copy Pods Resources */ = {
			isa = PBXShellScriptBuildPhase;
			buildActionMask = 2147483647;
			files = (
			);
			inputPaths = (
				"${SRCROOT}/Pods/Target Support Files/Pods-SooLeDevelopmentOC/Pods-SooLeDevelopmentOC-resources.sh",
				"${PODS_ROOT}/BaiduMapKit/BaiduMapKit/BaiduMapAPI_Map.framework/Resources/mapapi.bundle",
				"${PODS_ROOT}/SVProgressHUD/SVProgressHUD/SVProgressHUD.bundle",
			);
			name = "[CP] Copy Pods Resources";
			outputPaths = (
				"${TARGET_BUILD_DIR}/${UNLOCALIZED_RESOURCES_FOLDER_PATH}/mapapi.bundle",
				"${TARGET_BUILD_DIR}/${UNLOCALIZED_RESOURCES_FOLDER_PATH}/SVProgressHUD.bundle",
			);
			runOnlyForDeploymentPostprocessing = 0;
			shellPath = /bin/sh;
			shellScript = "\"${SRCROOT}/Pods/Target Support Files/Pods-SooLeDevelopmentOC/Pods-SooLeDevelopmentOC-resources.sh\"\n";
			showEnvVarsInLog = 0;
		};
		F3E1D495855E50FA71C3749E /* [CP] Embed Pods Frameworks */ = {
			isa = PBXShellScriptBuildPhase;
			buildActionMask = 2147483647;
			files = (
			);
			inputPaths = (
			);
			name = "[CP] Embed Pods Frameworks";
			outputPaths = (
			);
			runOnlyForDeploymentPostprocessing = 0;
			shellPath = /bin/sh;
			shellScript = "\"${SRCROOT}/Pods/Target Support Files/Pods-SooLeDevelopmentOC/Pods-SooLeDevelopmentOC-frameworks.sh\"\n";
			showEnvVarsInLog = 0;
		};
/* End PBXShellScriptBuildPhase section */

/* Begin PBXSourcesBuildPhase section */
		CD5380DE1DADEBC500F3031E /* Sources */ = {
			isa = PBXSourcesBuildPhase;
			buildActionMask = 2147483647;
			files = (
				5E41EFC91E2E1B8E004C93B4 /* BaiDuMapTools.m in Sources */,
				5EEC2C6F1DC4420100C8BE55 /* LBViewController.m in Sources */,
				5E080D951DC3A20E00B5EF96 /* UIColor+PYExtension.m in Sources */,
				5E080D921DC3A20E00B5EF96 /* PYSearchConst.m in Sources */,
				5EC74D35201F19D70029D027 /* MenuItemCell.m in Sources */,
				5E080D941DC3A20E00B5EF96 /* PYSearchViewController.m in Sources */,
				5E0A8D331DF7BBFA0007FC68 /* ShareMeunView.m in Sources */,
				5E41EFC21E2CC0BD004C93B4 /* XLZBuleToothManger.m in Sources */,
				CD0348B41DBA170500581757 /* TouchIDHelper.m in Sources */,
				5EC74D2F201F153B0029D027 /* MenuItemViewController.m in Sources */,
				5EC74D38201F1EF70029D027 /* UIView+Extension.m in Sources */,
				5EC74E03202BF78D0029D027 /* LoveViewController.m in Sources */,
				5EC74D32201F18F50029D027 /* MenuItem.m in Sources */,
				CD5380ED1DADEBC500F3031E /* ViewController.m in Sources */,
				CD5380EA1DADEBC500F3031E /* AppDelegate.m in Sources */,
				5E4E2F12200461B6007B60B5 /* SensorViewController.m in Sources */,
				5E7766C71DE0533C0018E2F4 /* WordChangeSpeech.m in Sources */,
				CD5380E71DADEBC500F3031E /* main.m in Sources */,
				5EC74E06202BFE2A0029D027 /* StarsView.m in Sources */,
				CD5381241DADF85400F3031E /* JDHttpManager.m in Sources */,
				5E080D931DC3A20E00B5EF96 /* PYSearchSuggestionViewController.m in Sources */,
				5E080D961DC3A20E00B5EF96 /* UIView+PYExtension.m in Sources */,
			);
			runOnlyForDeploymentPostprocessing = 0;
		};
/* End PBXSourcesBuildPhase section */

/* Begin PBXVariantGroup section */
		CD5380EE1DADEBC500F3031E /* Main.storyboard */ = {
			isa = PBXVariantGroup;
			children = (
				CD5380EF1DADEBC500F3031E /* Base */,
			);
			name = Main.storyboard;
			sourceTree = "<group>";
		};
		CD5380F31DADEBC500F3031E /* LaunchScreen.storyboard */ = {
			isa = PBXVariantGroup;
			children = (
				CD5380F41DADEBC500F3031E /* Base */,
			);
			name = LaunchScreen.storyboard;
			sourceTree = "<group>";
		};
/* End PBXVariantGroup section */

/* Begin XCBuildConfiguration section */
		CD5380F71DADEBC500F3031E /* Debug */ = {
			isa = XCBuildConfiguration;
			buildSettings = {
				ALWAYS_SEARCH_USER_PATHS = NO;
				CLANG_ANALYZER_NONNULL = YES;
				CLANG_CXX_LANGUAGE_STANDARD = "gnu++0x";
				CLANG_CXX_LIBRARY = "libc++";
				CLANG_ENABLE_MODULES = YES;
				CLANG_ENABLE_OBJC_ARC = YES;
				CLANG_WARN_BOOL_CONVERSION = YES;
				CLANG_WARN_CONSTANT_CONVERSION = YES;
				CLANG_WARN_DIRECT_OBJC_ISA_USAGE = YES_ERROR;
				CLANG_WARN_DOCUMENTATION_COMMENTS = YES;
				CLANG_WARN_EMPTY_BODY = YES;
				CLANG_WARN_ENUM_CONVERSION = YES;
				CLANG_WARN_INFINITE_RECURSION = YES;
				CLANG_WARN_INT_CONVERSION = YES;
				CLANG_WARN_OBJC_ROOT_CLASS = YES_ERROR;
				CLANG_WARN_SUSPICIOUS_MOVES = YES;
				CLANG_WARN_UNREACHABLE_CODE = YES;
				CLANG_WARN__DUPLICATE_METHOD_MATCH = YES;
				"CODE_SIGN_IDENTITY[sdk=iphoneos*]" = "iPhone Developer";
				COPY_PHASE_STRIP = NO;
				DEBUG_INFORMATION_FORMAT = dwarf;
				ENABLE_STRICT_OBJC_MSGSEND = YES;
				ENABLE_TESTABILITY = YES;
				GCC_C_LANGUAGE_STANDARD = gnu99;
				GCC_DYNAMIC_NO_PIC = NO;
				GCC_NO_COMMON_BLOCKS = YES;
				GCC_OPTIMIZATION_LEVEL = 0;
				GCC_PREPROCESSOR_DEFINITIONS = (
					"DEBUG=1",
					"$(inherited)",
				);
				GCC_WARN_64_TO_32_BIT_CONVERSION = YES;
				GCC_WARN_ABOUT_RETURN_TYPE = YES_ERROR;
				GCC_WARN_UNDECLARED_SELECTOR = YES;
				GCC_WARN_UNINITIALIZED_AUTOS = YES_AGGRESSIVE;
				GCC_WARN_UNUSED_FUNCTION = YES;
				GCC_WARN_UNUSED_VARIABLE = YES;
				IPHONEOS_DEPLOYMENT_TARGET = 10.0;
				MTL_ENABLE_DEBUG_INFO = YES;
				ONLY_ACTIVE_ARCH = YES;
				SDKROOT = iphoneos;
				TARGETED_DEVICE_FAMILY = "1,2";
			};
			name = Debug;
		};
		CD5380F81DADEBC500F3031E /* Release */ = {
			isa = XCBuildConfiguration;
			buildSettings = {
				ALWAYS_SEARCH_USER_PATHS = NO;
				CLANG_ANALYZER_NONNULL = YES;
				CLANG_CXX_LANGUAGE_STANDARD = "gnu++0x";
				CLANG_CXX_LIBRARY = "libc++";
				CLANG_ENABLE_MODULES = YES;
				CLANG_ENABLE_OBJC_ARC = YES;
				CLANG_WARN_BOOL_CONVERSION = YES;
				CLANG_WARN_CONSTANT_CONVERSION = YES;
				CLANG_WARN_DIRECT_OBJC_ISA_USAGE = YES_ERROR;
				CLANG_WARN_DOCUMENTATION_COMMENTS = YES;
				CLANG_WARN_EMPTY_BODY = YES;
				CLANG_WARN_ENUM_CONVERSION = YES;
				CLANG_WARN_INFINITE_RECURSION = YES;
				CLANG_WARN_INT_CONVERSION = YES;
				CLANG_WARN_OBJC_ROOT_CLASS = YES_ERROR;
				CLANG_WARN_SUSPICIOUS_MOVES = YES;
				CLANG_WARN_UNREACHABLE_CODE = YES;
				CLANG_WARN__DUPLICATE_METHOD_MATCH = YES;
				"CODE_SIGN_IDENTITY[sdk=iphoneos*]" = "iPhone Developer";
				COPY_PHASE_STRIP = NO;
				DEBUG_INFORMATION_FORMAT = "dwarf-with-dsym";
				ENABLE_NS_ASSERTIONS = NO;
				ENABLE_STRICT_OBJC_MSGSEND = YES;
				GCC_C_LANGUAGE_STANDARD = gnu99;
				GCC_NO_COMMON_BLOCKS = YES;
				GCC_WARN_64_TO_32_BIT_CONVERSION = YES;
				GCC_WARN_ABOUT_RETURN_TYPE = YES_ERROR;
				GCC_WARN_UNDECLARED_SELECTOR = YES;
				GCC_WARN_UNINITIALIZED_AUTOS = YES_AGGRESSIVE;
				GCC_WARN_UNUSED_FUNCTION = YES;
				GCC_WARN_UNUSED_VARIABLE = YES;
				IPHONEOS_DEPLOYMENT_TARGET = 10.0;
				MTL_ENABLE_DEBUG_INFO = NO;
				SDKROOT = iphoneos;
				TARGETED_DEVICE_FAMILY = "1,2";
				VALIDATE_PRODUCT = YES;
			};
			name = Release;
		};
		CD5380FA1DADEBC500F3031E /* Debug */ = {
			isa = XCBuildConfiguration;
			baseConfigurationReference = 05C100A4EE8B088764C79F8E /* Pods-SooLeDevelopmentOC.debug.xcconfig */;
			buildSettings = {
				ASSETCATALOG_COMPILER_APPICON_NAME = AppIcon;
				DEVELOPMENT_TEAM = UDU2Q37R58;
				GCC_PREFIX_HEADER = "$(SRCROOT)/SooLeDevelopmentOC/CommitClass/SooLePrefixHeader.pch";
				INFOPLIST_FILE = SooLeDevelopmentOC/Info.plist;
				IPHONEOS_DEPLOYMENT_TARGET = 9.0;
				LD_RUNPATH_SEARCH_PATHS = "$(inherited) @executable_path/Frameworks";
				PRODUCT_BUNDLE_IDENTIFIER = com.songlei.SooLeDevelopmentOC;
				PRODUCT_NAME = "$(TARGET_NAME)";
			};
			name = Debug;
		};
		CD5380FB1DADEBC500F3031E /* Release */ = {
			isa = XCBuildConfiguration;
			baseConfigurationReference = C6782907271CD5F3C243C353 /* Pods-SooLeDevelopmentOC.release.xcconfig */;
			buildSettings = {
				ASSETCATALOG_COMPILER_APPICON_NAME = AppIcon;
				DEVELOPMENT_TEAM = UDU2Q37R58;
				GCC_PREFIX_HEADER = "$(SRCROOT)/SooLeDevelopmentOC/CommitClass/SooLePrefixHeader.pch";
				INFOPLIST_FILE = SooLeDevelopmentOC/Info.plist;
				IPHONEOS_DEPLOYMENT_TARGET = 9.0;
				LD_RUNPATH_SEARCH_PATHS = "$(inherited) @executable_path/Frameworks";
				PRODUCT_BUNDLE_IDENTIFIER = com.songlei.SooLeDevelopmentOC;
				PRODUCT_NAME = "$(TARGET_NAME)";
			};
			name = Release;
		};
/* End XCBuildConfiguration section */

/* Begin XCConfigurationList section */
		CD5380DD1DADEBC500F3031E /* Build configuration list for PBXProject "SooLeDevelopmentOC" */ = {
			isa = XCConfigurationList;
			buildConfigurations = (
				CD5380F71DADEBC500F3031E /* Debug */,
				CD5380F81DADEBC500F3031E /* Release */,
			);
			defaultConfigurationIsVisible = 0;
			defaultConfigurationName = Release;
		};
		CD5380F91DADEBC500F3031E /* Build configuration list for PBXNativeTarget "SooLeDevelopmentOC" */ = {
			isa = XCConfigurationList;
			buildConfigurations = (
				CD5380FA1DADEBC500F3031E /* Debug */,
				CD5380FB1DADEBC500F3031E /* Release */,
			);
			defaultConfigurationIsVisible = 0;
			defaultConfigurationName = Release;
		};
/* End XCConfigurationList section */
	};
	rootObject = CD5380DA1DADEBC500F3031E /* Project object */;
}
