// !$*UTF8*$!
{
	archiveVersion = 1;
	classes = {
	};
	objectVersion = 46;
	objects = {

/* Begin PBXBuildFile section */
		37DE243A1C810F9070C48D9E /* libPods-SooLeDevelopmentOC.a in Frameworks */ = {isa = PBXBuildFile; fileRef = 83DA4355E328BDBB146E3B65 /* libPods-SooLeDevelopmentOC.a */; };
		5E080D781DC33A9C00B5EF96 /* PYSearch.bundle in Resources */ = {isa = PBXBuildFile; fileRef = 5E080D6C1DC33A9C00B5EF96 /* PYSearch.bundle */; };
		5E080D791DC33A9C00B5EF96 /* PYSearchConst.m in Sources */ = {isa = PBXBuildFile; fileRef = 5E080D6F1DC33A9C00B5EF96 /* PYSearchConst.m */; };
		5E080D7A1DC33A9C00B5EF96 /* PYSearchSuggestionViewController.m in Sources */ = {isa = PBXBuildFile; fileRef = 5E080D711DC33A9C00B5EF96 /* PYSearchSuggestionViewController.m */; };
		5E080D7B1DC33A9C00B5EF96 /* PYSearchViewController.m in Sources */ = {isa = PBXBuildFile; fileRef = 5E080D731DC33A9C00B5EF96 /* PYSearchViewController.m */; };
		5E080D7C1DC33A9C00B5EF96 /* UIColor+PYExtension.m in Sources */ = {isa = PBXBuildFile; fileRef = 5E080D751DC33A9C00B5EF96 /* UIColor+PYExtension.m */; };
		5E080D7D1DC33A9C00B5EF96 /* UIView+PYExtension.m in Sources */ = {isa = PBXBuildFile; fileRef = 5E080D771DC33A9C00B5EF96 /* UIView+PYExtension.m */; };
		CD5380E71DADEBC500F3031E /* main.m in Sources */ = {isa = PBXBuildFile; fileRef = CD5380E61DADEBC500F3031E /* main.m */; };
		CD5380EA1DADEBC500F3031E /* AppDelegate.m in Sources */ = {isa = PBXBuildFile; fileRef = CD5380E91DADEBC500F3031E /* AppDelegate.m */; };
		CD5380ED1DADEBC500F3031E /* ViewController.m in Sources */ = {isa = PBXBuildFile; fileRef = CD5380EC1DADEBC500F3031E /* ViewController.m */; };
		CD5380F01DADEBC500F3031E /* Main.storyboard in Resources */ = {isa = PBXBuildFile; fileRef = CD5380EE1DADEBC500F3031E /* Main.storyboard */; };
		CD5380F21DADEBC500F3031E /* Assets.xcassets in Resources */ = {isa = PBXBuildFile; fileRef = CD5380F11DADEBC500F3031E /* Assets.xcassets */; };
		CD5380F51DADEBC500F3031E /* LaunchScreen.storyboard in Resources */ = {isa = PBXBuildFile; fileRef = CD5380F31DADEBC500F3031E /* LaunchScreen.storyboard */; };
		CD5381241DADF85400F3031E /* JDHttpManager.m in Sources */ = {isa = PBXBuildFile; fileRef = CD5381231DADF85400F3031E /* JDHttpManager.m */; };
/* End PBXBuildFile section */

/* Begin PBXFileReference section */
		05C100A4EE8B088764C79F8E /* Pods-SooLeDevelopmentOC.debug.xcconfig */ = {isa = PBXFileReference; includeInIndex = 1; lastKnownFileType = text.xcconfig; name = "Pods-SooLeDevelopmentOC.debug.xcconfig"; path = "Pods/Target Support Files/Pods-SooLeDevelopmentOC/Pods-SooLeDevelopmentOC.debug.xcconfig"; sourceTree = "<group>"; };
		5E080D6C1DC33A9C00B5EF96 /* PYSearch.bundle */ = {isa = PBXFileReference; lastKnownFileType = "wrapper.plug-in"; path = PYSearch.bundle; sourceTree = "<group>"; };
		5E080D6D1DC33A9C00B5EF96 /* PYSearch.h */ = {isa = PBXFileReference; fileEncoding = 4; lastKnownFileType = sourcecode.c.h; path = PYSearch.h; sourceTree = "<group>"; };
		5E080D6E1DC33A9C00B5EF96 /* PYSearchConst.h */ = {isa = PBXFileReference; fileEncoding = 4; lastKnownFileType = sourcecode.c.h; path = PYSearchConst.h; sourceTree = "<group>"; };
		5E080D6F1DC33A9C00B5EF96 /* PYSearchConst.m */ = {isa = PBXFileReference; fileEncoding = 4; lastKnownFileType = sourcecode.c.objc; path = PYSearchConst.m; sourceTree = "<group>"; };
		5E080D701DC33A9C00B5EF96 /* PYSearchSuggestionViewController.h */ = {isa = PBXFileReference; fileEncoding = 4; lastKnownFileType = sourcecode.c.h; path = PYSearchSuggestionViewController.h; sourceTree = "<group>"; };
		5E080D711DC33A9C00B5EF96 /* PYSearchSuggestionViewController.m */ = {isa = PBXFileReference; fileEncoding = 4; lastKnownFileType = sourcecode.c.objc; path = PYSearchSuggestionViewController.m; sourceTree = "<group>"; };
		5E080D721DC33A9C00B5EF96 /* PYSearchViewController.h */ = {isa = PBXFileReference; fileEncoding = 4; lastKnownFileType = sourcecode.c.h; path = PYSearchViewController.h; sourceTree = "<group>"; };
		5E080D731DC33A9C00B5EF96 /* PYSearchViewController.m */ = {isa = PBXFileReference; fileEncoding = 4; lastKnownFileType = sourcecode.c.objc; path = PYSearchViewController.m; sourceTree = "<group>"; };
		5E080D741DC33A9C00B5EF96 /* UIColor+PYExtension.h */ = {isa = PBXFileReference; fileEncoding = 4; lastKnownFileType = sourcecode.c.h; path = "UIColor+PYExtension.h"; sourceTree = "<group>"; };
		5E080D751DC33A9C00B5EF96 /* UIColor+PYExtension.m */ = {isa = PBXFileReference; fileEncoding = 4; lastKnownFileType = sourcecode.c.objc; path = "UIColor+PYExtension.m"; sourceTree = "<group>"; };
		5E080D761DC33A9C00B5EF96 /* UIView+PYExtension.h */ = {isa = PBXFileReference; fileEncoding = 4; lastKnownFileType = sourcecode.c.h; path = "UIView+PYExtension.h"; sourceTree = "<group>"; };
		5E080D771DC33A9C00B5EF96 /* UIView+PYExtension.m */ = {isa = PBXFileReference; fileEncoding = 4; lastKnownFileType = sourcecode.c.objc; path = "UIView+PYExtension.m"; sourceTree = "<group>"; };
		5EAA68D81DB51EFD00633D42 /* SooLePrefixHeader.pch */ = {isa = PBXFileReference; lastKnownFileType = sourcecode.c.h; path = SooLePrefixHeader.pch; sourceTree = "<group>"; };
		5EAA68D91DB5230500633D42 /* AttributeHeader.h */ = {isa = PBXFileReference; lastKnownFileType = sourcecode.c.h; path = AttributeHeader.h; sourceTree = "<group>"; };
		5EAA68DA1DB5236000633D42 /* SystemHeader.h */ = {isa = PBXFileReference; lastKnownFileType = sourcecode.c.h; path = SystemHeader.h; sourceTree = "<group>"; };
		83DA4355E328BDBB146E3B65 /* libPods-SooLeDevelopmentOC.a */ = {isa = PBXFileReference; explicitFileType = archive.ar; includeInIndex = 0; path = "libPods-SooLeDevelopmentOC.a"; sourceTree = BUILT_PRODUCTS_DIR; };
		C6782907271CD5F3C243C353 /* Pods-SooLeDevelopmentOC.release.xcconfig */ = {isa = PBXFileReference; includeInIndex = 1; lastKnownFileType = text.xcconfig; name = "Pods-SooLeDevelopmentOC.release.xcconfig"; path = "Pods/Target Support Files/Pods-SooLeDevelopmentOC/Pods-SooLeDevelopmentOC.release.xcconfig"; sourceTree = "<group>"; };
		CD5380E21DADEBC500F3031E /* SooLeDevelopmentOC.app */ = {isa = PBXFileReference; explicitFileType = wrapper.application; includeInIndex = 0; path = SooLeDevelopmentOC.app; sourceTree = BUILT_PRODUCTS_DIR; };
		CD5380E61DADEBC500F3031E /* main.m */ = {isa = PBXFileReference; lastKnownFileType = sourcecode.c.objc; path = main.m; sourceTree = "<group>"; };
		CD5380E81DADEBC500F3031E /* AppDelegate.h */ = {isa = PBXFileReference; lastKnownFileType = sourcecode.c.h; path = AppDelegate.h; sourceTree = "<group>"; };
		CD5380E91DADEBC500F3031E /* AppDelegate.m */ = {isa = PBXFileReference; lastKnownFileType = sourcecode.c.objc; path = AppDelegate.m; sourceTree = "<group>"; };
		CD5380EB1DADEBC500F3031E /* ViewController.h */ = {isa = PBXFileReference; lastKnownFileType = sourcecode.c.h; path = ViewController.h; sourceTree = "<group>"; };
		CD5380EC1DADEBC500F3031E /* ViewController.m */ = {isa = PBXFileReference; lastKnownFileType = sourcecode.c.objc; path = ViewController.m; sourceTree = "<group>"; };
		CD5380EF1DADEBC500F3031E /* Base */ = {isa = PBXFileReference; lastKnownFileType = file.storyboard; name = Base; path = Base.lproj/Main.storyboard; sourceTree = "<group>"; };
		CD5380F11DADEBC500F3031E /* Assets.xcassets */ = {isa = PBXFileReference; lastKnownFileType = folder.assetcatalog; path = Assets.xcassets; sourceTree = "<group>"; };
		CD5380F41DADEBC500F3031E /* Base */ = {isa = PBXFileReference; lastKnownFileType = file.storyboard; name = Base; path = Base.lproj/LaunchScreen.storyboard; sourceTree = "<group>"; };
		CD5380F61DADEBC500F3031E /* Info.plist */ = {isa = PBXFileReference; lastKnownFileType = text.plist.xml; path = Info.plist; sourceTree = "<group>"; };
		CD5381221DADF85400F3031E /* JDHttpManager.h */ = {isa = PBXFileReference; fileEncoding = 4; lastKnownFileType = sourcecode.c.h; path = JDHttpManager.h; sourceTree = "<group>"; };
		CD5381231DADF85400F3031E /* JDHttpManager.m */ = {isa = PBXFileReference; fileEncoding = 4; lastKnownFileType = sourcecode.c.objc; path = JDHttpManager.m; sourceTree = "<group>"; };
/* End PBXFileReference section */

/* Begin PBXFrameworksBuildPhase section */
		CD5380DF1DADEBC500F3031E /* Frameworks */ = {
			isa = PBXFrameworksBuildPhase;
			buildActionMask = 2147483647;
			files = (
				37DE243A1C810F9070C48D9E /* libPods-SooLeDevelopmentOC.a in Frameworks */,
			);
			runOnlyForDeploymentPostprocessing = 0;
		};
/* End PBXFrameworksBuildPhase section */

/* Begin PBXGroup section */
		5E080D6A1DC33A9C00B5EF96 /* OthersLibrary */ = {
			isa = PBXGroup;
			children = (
				5E080D6B1DC33A9C00B5EF96 /* PYSearch */,
			);
			path = OthersLibrary;
			sourceTree = "<group>";
		};
		5E080D6B1DC33A9C00B5EF96 /* PYSearch */ = {
			isa = PBXGroup;
			children = (
				5E080D6C1DC33A9C00B5EF96 /* PYSearch.bundle */,
				5E080D6D1DC33A9C00B5EF96 /* PYSearch.h */,
				5E080D6E1DC33A9C00B5EF96 /* PYSearchConst.h */,
				5E080D6F1DC33A9C00B5EF96 /* PYSearchConst.m */,
				5E080D701DC33A9C00B5EF96 /* PYSearchSuggestionViewController.h */,
				5E080D711DC33A9C00B5EF96 /* PYSearchSuggestionViewController.m */,
				5E080D721DC33A9C00B5EF96 /* PYSearchViewController.h */,
				5E080D731DC33A9C00B5EF96 /* PYSearchViewController.m */,
				5E080D741DC33A9C00B5EF96 /* UIColor+PYExtension.h */,
				5E080D751DC33A9C00B5EF96 /* UIColor+PYExtension.m */,
				5E080D761DC33A9C00B5EF96 /* UIView+PYExtension.h */,
				5E080D771DC33A9C00B5EF96 /* UIView+PYExtension.m */,
			);
			path = PYSearch;
			sourceTree = "<group>";
		};
		5EAA68D61DB51E8E00633D42 /* CommitTools */ = {
			isa = PBXGroup;
			children = (
			);
			path = CommitTools;
			sourceTree = "<group>";
		};
		5EAA68D71DB51EC800633D42 /* CommitClass */ = {
			isa = PBXGroup;
			children = (
				5EAA68D81DB51EFD00633D42 /* SooLePrefixHeader.pch */,
				5EAA68D91DB5230500633D42 /* AttributeHeader.h */,
				5EAA68DA1DB5236000633D42 /* SystemHeader.h */,
			);
			path = CommitClass;
			sourceTree = "<group>";
		};
		75426DB70F003C169363DD6F /* Pods */ = {
			isa = PBXGroup;
			children = (
				05C100A4EE8B088764C79F8E /* Pods-SooLeDevelopmentOC.debug.xcconfig */,
				C6782907271CD5F3C243C353 /* Pods-SooLeDevelopmentOC.release.xcconfig */,
			);
			name = Pods;
			sourceTree = "<group>";
		};
		82A40EF980CFDF06D344F7D3 /* Frameworks */ = {
			isa = PBXGroup;
			children = (
				83DA4355E328BDBB146E3B65 /* libPods-SooLeDevelopmentOC.a */,
			);
			name = Frameworks;
			sourceTree = "<group>";
		};
		CD5380D91DADEBC500F3031E = {
			isa = PBXGroup;
			children = (
				CD5380E41DADEBC500F3031E /* SooLeDevelopmentOC */,
				CD5380E31DADEBC500F3031E /* Products */,
				75426DB70F003C169363DD6F /* Pods */,
				82A40EF980CFDF06D344F7D3 /* Frameworks */,
			);
			sourceTree = "<group>";
		};
		CD5380E31DADEBC500F3031E /* Products */ = {
			isa = PBXGroup;
			children = (
				CD5380E21DADEBC500F3031E /* SooLeDevelopmentOC.app */,
			);
			name = Products;
			sourceTree = "<group>";
		};
		CD5380E41DADEBC500F3031E /* SooLeDevelopmentOC */ = {
			isa = PBXGroup;
			children = (
				CD5380E81DADEBC500F3031E /* AppDelegate.h */,
				CD5380E91DADEBC500F3031E /* AppDelegate.m */,
				CD5380EB1DADEBC500F3031E /* ViewController.h */,
				CD5380EC1DADEBC500F3031E /* ViewController.m */,
				5EAA68D71DB51EC800633D42 /* CommitClass */,
				CD5381201DADF82100F3031E /* Class */,
				CD53811F1DADF81B00F3031E /* SooLeTools */,
				5E080D6A1DC33A9C00B5EF96 /* OthersLibrary */,
				CD5380EE1DADEBC500F3031E /* Main.storyboard */,
				CD5380F11DADEBC500F3031E /* Assets.xcassets */,
				CD5380F31DADEBC500F3031E /* LaunchScreen.storyboard */,
				CD5380F61DADEBC500F3031E /* Info.plist */,
				CD5380E51DADEBC500F3031E /* Supporting Files */,
			);
			path = SooLeDevelopmentOC;
			sourceTree = "<group>";
		};
		CD5380E51DADEBC500F3031E /* Supporting Files */ = {
			isa = PBXGroup;
			children = (
				CD5380E61DADEBC500F3031E /* main.m */,
			);
			name = "Supporting Files";
			sourceTree = "<group>";
		};
		CD53811F1DADF81B00F3031E /* SooLeTools */ = {
			isa = PBXGroup;
			children = (
				5EAA68D61DB51E8E00633D42 /* CommitTools */,
				CD5381211DADF84000F3031E /* NetworkTools */,
			);
			path = SooLeTools;
			sourceTree = "<group>";
		};
		CD5381201DADF82100F3031E /* Class */ = {
			isa = PBXGroup;
			children = (
			);
			path = Class;
			sourceTree = "<group>";
		};
		CD5381211DADF84000F3031E /* NetworkTools */ = {
			isa = PBXGroup;
			children = (
				CD5381221DADF85400F3031E /* JDHttpManager.h */,
				CD5381231DADF85400F3031E /* JDHttpManager.m */,
			);
			path = NetworkTools;
			sourceTree = "<group>";
		};
/* End PBXGroup section */

/* Begin PBXNativeTarget section */
		CD5380E11DADEBC500F3031E /* SooLeDevelopmentOC */ = {
			isa = PBXNativeTarget;
			buildConfigurationList = CD5380F91DADEBC500F3031E /* Build configuration list for PBXNativeTarget "SooLeDevelopmentOC" */;
			buildPhases = (
				2B864D8D72EF7AEA48B6857A /* [CP] Check Pods Manifest.lock */,
				CD5380DE1DADEBC500F3031E /* Sources */,
				CD5380DF1DADEBC500F3031E /* Frameworks */,
				CD5380E01DADEBC500F3031E /* Resources */,
				F3E1D495855E50FA71C3749E /* [CP] Embed Pods Frameworks */,
				88E96C86EDD930199BF5E28F /* [CP] Copy Pods Resources */,
			);
			buildRules = (
			);
			dependencies = (
			);
			name = SooLeDevelopmentOC;
			productName = SooLeDevelopmentOC;
			productReference = CD5380E21DADEBC500F3031E /* SooLeDevelopmentOC.app */;
			productType = "com.apple.product-type.application";
		};
/* End PBXNativeTarget section */

/* Begin PBXProject section */
		CD5380DA1DADEBC500F3031E /* Project object */ = {
			isa = PBXProject;
			attributes = {
				LastUpgradeCheck = 0800;
				ORGANIZATIONNAME = songlei;
				TargetAttributes = {
					CD5380E11DADEBC500F3031E = {
						CreatedOnToolsVersion = 8.0;
						DevelopmentTeam = UDU2Q37R58;
						ProvisioningStyle = Automatic;
					};
				};
			};
			buildConfigurationList = CD5380DD1DADEBC500F3031E /* Build configuration list for PBXProject "SooLeDevelopmentOC" */;
			compatibilityVersion = "Xcode 3.2";
			developmentRegion = English;
			hasScannedForEncodings = 0;
			knownRegions = (
				en,
				Base,
			);
			mainGroup = CD5380D91DADEBC500F3031E;
			productRefGroup = CD5380E31DADEBC500F3031E /* Products */;
			projectDirPath = "";
			projectRoot = "";
			targets = (
				CD5380E11DADEBC500F3031E /* SooLeDevelopmentOC */,
			);
		};
/* End PBXProject section */

/* Begin PBXResourcesBuildPhase section */
		CD5380E01DADEBC500F3031E /* Resources */ = {
			isa = PBXResourcesBuildPhase;
			buildActionMask = 2147483647;
			files = (
				CD5380F51DADEBC500F3031E /* LaunchScreen.storyboard in Resources */,
				CD5380F21DADEBC500F3031E /* Assets.xcassets in Resources */,
				5E080D781DC33A9C00B5EF96 /* PYSearch.bundle in Resources */,
				CD5380F01DADEBC500F3031E /* Main.storyboard in Resources */,
			);
			runOnlyForDeploymentPostprocessing = 0;
		};
/* End PBXResourcesBuildPhase section */

/* Begin PBXShellScriptBuildPhase section */
		2B864D8D72EF7AEA48B6857A /* [CP] Check Pods Manifest.lock */ = {
			isa = PBXShellScriptBuildPhase;
			buildActionMask = 2147483647;
			files = (
			);
			inputPaths = (
			);
			name = "[CP] Check Pods Manifest.lock";
			outputPaths = (
			);
			runOnlyForDeploymentPostprocessing = 0;
			shellPath = /bin/sh;
			shellScript = "diff \"${PODS_ROOT}/../Podfile.lock\" \"${PODS_ROOT}/Manifest.lock\" > /dev/null\nif [[ $? != 0 ]] ; then\n    cat << EOM\nerror: The sandbox is not in sync with the Podfile.lock. Run 'pod install' or update your CocoaPods installation.\nEOM\n    exit 1\nfi\n";
			showEnvVarsInLog = 0;
		};
		88E96C86EDD930199BF5E28F /* [CP] Copy Pods Resources */ = {
			isa = PBXShellScriptBuildPhase;
			buildActionMask = 2147483647;
			files = (
			);
			inputPaths = (
			);
			name = "[CP] Copy Pods Resources";
			outputPaths = (
			);
			runOnlyForDeploymentPostprocessing = 0;
			shellPath = /bin/sh;
			shellScript = "\"${SRCROOT}/Pods/Target Support Files/Pods-SooLeDevelopmentOC/Pods-SooLeDevelopmentOC-resources.sh\"\n";
			showEnvVarsInLog = 0;
		};
		F3E1D495855E50FA71C3749E /* [CP] Embed Pods Frameworks */ = {
			isa = PBXShellScriptBuildPhase;
			buildActionMask = 2147483647;
			files = (
			);
			inputPaths = (
			);
			name = "[CP] Embed Pods Frameworks";
			outputPaths = (
			);
			runOnlyForDeploymentPostprocessing = 0;
			shellPath = /bin/sh;
			shellScript = "\"${SRCROOT}/Pods/Target Support Files/Pods-SooLeDevelopmentOC/Pods-SooLeDevelopmentOC-frameworks.sh\"\n";
			showEnvVarsInLog = 0;
		};
/* End PBXShellScriptBuildPhase section */

/* Begin PBXSourcesBuildPhase section */
		CD5380DE1DADEBC500F3031E /* Sources */ = {
			isa = PBXSourcesBuildPhase;
			buildActionMask = 2147483647;
			files = (
				5E080D791DC33A9C00B5EF96 /* PYSearchConst.m in Sources */,
				CD5380ED1DADEBC500F3031E /* ViewController.m in Sources */,
				CD5380EA1DADEBC500F3031E /* AppDelegate.m in Sources */,
				5E080D7B1DC33A9C00B5EF96 /* PYSearchViewController.m in Sources */,
				CD5380E71DADEBC500F3031E /* main.m in Sources */,
				CD5381241DADF85400F3031E /* JDHttpManager.m in Sources */,
				5E080D7C1DC33A9C00B5EF96 /* UIColor+PYExtension.m in Sources */,
				5E080D7D1DC33A9C00B5EF96 /* UIView+PYExtension.m in Sources */,
				5E080D7A1DC33A9C00B5EF96 /* PYSearchSuggestionViewController.m in Sources */,
			);
			runOnlyForDeploymentPostprocessing = 0;
		};
/* End PBXSourcesBuildPhase section */

/* Begin PBXVariantGroup section */
		CD5380EE1DADEBC500F3031E /* Main.storyboard */ = {
			isa = PBXVariantGroup;
			children = (
				CD5380EF1DADEBC500F3031E /* Base */,
			);
			name = Main.storyboard;
			sourceTree = "<group>";
		};
		CD5380F31DADEBC500F3031E /* LaunchScreen.storyboard */ = {
			isa = PBXVariantGroup;
			children = (
				CD5380F41DADEBC500F3031E /* Base */,
			);
			name = LaunchScreen.storyboard;
			sourceTree = "<group>";
		};
/* End PBXVariantGroup section */

/* Begin XCBuildConfiguration section */
		CD5380F71DADEBC500F3031E /* Debug */ = {
			isa = XCBuildConfiguration;
			buildSettings = {
				ALWAYS_SEARCH_USER_PATHS = NO;
				CLANG_ANALYZER_NONNULL = YES;
				CLANG_CXX_LANGUAGE_STANDARD = "gnu++0x";
				CLANG_CXX_LIBRARY = "libc++";
				CLANG_ENABLE_MODULES = YES;
				CLANG_ENABLE_OBJC_ARC = YES;
				CLANG_WARN_BOOL_CONVERSION = YES;
				CLANG_WARN_CONSTANT_CONVERSION = YES;
				CLANG_WARN_DIRECT_OBJC_ISA_USAGE = YES_ERROR;
				CLANG_WARN_DOCUMENTATION_COMMENTS = YES;
				CLANG_WARN_EMPTY_BODY = YES;
				CLANG_WARN_ENUM_CONVERSION = YES;
				CLANG_WARN_INFINITE_RECURSION = YES;
				CLANG_WARN_INT_CONVERSION = YES;
				CLANG_WARN_OBJC_ROOT_CLASS = YES_ERROR;
				CLANG_WARN_SUSPICIOUS_MOVES = YES;
				CLANG_WARN_UNREACHABLE_CODE = YES;
				CLANG_WARN__DUPLICATE_METHOD_MATCH = YES;
				"CODE_SIGN_IDENTITY[sdk=iphoneos*]" = "iPhone Developer";
				COPY_PHASE_STRIP = NO;
				DEBUG_INFORMATION_FORMAT = dwarf;
				ENABLE_STRICT_OBJC_MSGSEND = YES;
				ENABLE_TESTABILITY = YES;
				GCC_C_LANGUAGE_STANDARD = gnu99;
				GCC_DYNAMIC_NO_PIC = NO;
				GCC_NO_COMMON_BLOCKS = YES;
				GCC_OPTIMIZATION_LEVEL = 0;
				GCC_PREPROCESSOR_DEFINITIONS = (
					"DEBUG=1",
					"$(inherited)",
				);
				GCC_WARN_64_TO_32_BIT_CONVERSION = YES;
				GCC_WARN_ABOUT_RETURN_TYPE = YES_ERROR;
				GCC_WARN_UNDECLARED_SELECTOR = YES;
				GCC_WARN_UNINITIALIZED_AUTOS = YES_AGGRESSIVE;
				GCC_WARN_UNUSED_FUNCTION = YES;
				GCC_WARN_UNUSED_VARIABLE = YES;
				IPHONEOS_DEPLOYMENT_TARGET = 10.0;
				MTL_ENABLE_DEBUG_INFO = YES;
				ONLY_ACTIVE_ARCH = YES;
				SDKROOT = iphoneos;
				TARGETED_DEVICE_FAMILY = "1,2";
			};
			name = Debug;
		};
		CD5380F81DADEBC500F3031E /* Release */ = {
			isa = XCBuildConfiguration;
			buildSettings = {
				ALWAYS_SEARCH_USER_PATHS = NO;
				CLANG_ANALYZER_NONNULL = YES;
				CLANG_CXX_LANGUAGE_STANDARD = "gnu++0x";
				CLANG_CXX_LIBRARY = "libc++";
				CLANG_ENABLE_MODULES = YES;
				CLANG_ENABLE_OBJC_ARC = YES;
				CLANG_WARN_BOOL_CONVERSION = YES;
				CLANG_WARN_CONSTANT_CONVERSION = YES;
				CLANG_WARN_DIRECT_OBJC_ISA_USAGE = YES_ERROR;
				CLANG_WARN_DOCUMENTATION_COMMENTS = YES;
				CLANG_WARN_EMPTY_BODY = YES;
				CLANG_WARN_ENUM_CONVERSION = YES;
				CLANG_WARN_INFINITE_RECURSION = YES;
				CLANG_WARN_INT_CONVERSION = YES;
				CLANG_WARN_OBJC_ROOT_CLASS = YES_ERROR;
				CLANG_WARN_SUSPICIOUS_MOVES = YES;
				CLANG_WARN_UNREACHABLE_CODE = YES;
				CLANG_WARN__DUPLICATE_METHOD_MATCH = YES;
				"CODE_SIGN_IDENTITY[sdk=iphoneos*]" = "iPhone Developer";
				COPY_PHASE_STRIP = NO;
				DEBUG_INFORMATION_FORMAT = "dwarf-with-dsym";
				ENABLE_NS_ASSERTIONS = NO;
				ENABLE_STRICT_OBJC_MSGSEND = YES;
				GCC_C_LANGUAGE_STANDARD = gnu99;
				GCC_NO_COMMON_BLOCKS = YES;
				GCC_WARN_64_TO_32_BIT_CONVERSION = YES;
				GCC_WARN_ABOUT_RETURN_TYPE = YES_ERROR;
				GCC_WARN_UNDECLARED_SELECTOR = YES;
				GCC_WARN_UNINITIALIZED_AUTOS = YES_AGGRESSIVE;
				GCC_WARN_UNUSED_FUNCTION = YES;
				GCC_WARN_UNUSED_VARIABLE = YES;
				IPHONEOS_DEPLOYMENT_TARGET = 10.0;
				MTL_ENABLE_DEBUG_INFO = NO;
				SDKROOT = iphoneos;
				TARGETED_DEVICE_FAMILY = "1,2";
				VALIDATE_PRODUCT = YES;
			};
			name = Release;
		};
		CD5380FA1DADEBC500F3031E /* Debug */ = {
			isa = XCBuildConfiguration;
			baseConfigurationReference = 05C100A4EE8B088764C79F8E /* Pods-SooLeDevelopmentOC.debug.xcconfig */;
			buildSettings = {
				ASSETCATALOG_COMPILER_APPICON_NAME = AppIcon;
				DEVELOPMENT_TEAM = UDU2Q37R58;
				GCC_PREFIX_HEADER = "$(SRCROOT)/SooLeDevelopmentOC/CommitClass/SooLePrefixHeader.pch";
				INFOPLIST_FILE = SooLeDevelopmentOC/Info.plist;
				IPHONEOS_DEPLOYMENT_TARGET = 9.0;
				LD_RUNPATH_SEARCH_PATHS = "$(inherited) @executable_path/Frameworks";
				PRODUCT_BUNDLE_IDENTIFIER = com.songlei.SooLeDevelopmentOC;
				PRODUCT_NAME = "$(TARGET_NAME)";
			};
			name = Debug;
		};
		CD5380FB1DADEBC500F3031E /* Release */ = {
			isa = XCBuildConfiguration;
			baseConfigurationReference = C6782907271CD5F3C243C353 /* Pods-SooLeDevelopmentOC.release.xcconfig */;
			buildSettings = {
				ASSETCATALOG_COMPILER_APPICON_NAME = AppIcon;
				DEVELOPMENT_TEAM = UDU2Q37R58;
				GCC_PREFIX_HEADER = "$(SRCROOT)/SooLeDevelopmentOC/CommitClass/SooLePrefixHeader.pch";
				INFOPLIST_FILE = SooLeDevelopmentOC/Info.plist;
				IPHONEOS_DEPLOYMENT_TARGET = 9.0;
				LD_RUNPATH_SEARCH_PATHS = "$(inherited) @executable_path/Frameworks";
				PRODUCT_BUNDLE_IDENTIFIER = com.songlei.SooLeDevelopmentOC;
				PRODUCT_NAME = "$(TARGET_NAME)";
			};
			name = Release;
		};
/* End XCBuildConfiguration section */

/* Begin XCConfigurationList section */
		CD5380DD1DADEBC500F3031E /* Build configuration list for PBXProject "SooLeDevelopmentOC" */ = {
			isa = XCConfigurationList;
			buildConfigurations = (
				CD5380F71DADEBC500F3031E /* Debug */,
				CD5380F81DADEBC500F3031E /* Release */,
			);
			defaultConfigurationIsVisible = 0;
			defaultConfigurationName = Release;
		};
		CD5380F91DADEBC500F3031E /* Build configuration list for PBXNativeTarget "SooLeDevelopmentOC" */ = {
			isa = XCConfigurationList;
			buildConfigurations = (
				CD5380FA1DADEBC500F3031E /* Debug */,
				CD5380FB1DADEBC500F3031E /* Release */,
			);
			defaultConfigurationIsVisible = 0;
			defaultConfigurationName = Release;
		};
/* End XCConfigurationList section */
	};
	rootObject = CD5380DA1DADEBC500F3031E /* Project object */;
}
